{
  "version": 4,
  "terraform_version": "1.0.4",
  "serial": 6,
  "lineage": "e7313b6c-3d2a-a32d-4415-e844757a7989",
  "outputs": {},
  "resources": [
    {
      "module": "module.common-public-subnet",
      "mode": "managed",
      "type": "aws_subnet",
      "name": "this",
      "provider": "provider[\"registry.terraform.io/hashicorp/aws\"]",
      "instances": [
        {
          "schema_version": 1,
          "attributes": {
            "arn": "arn:aws:ec2:us-east-1:386921161930:subnet/subnet-0f31480b96e03184b",
            "assign_ipv6_address_on_creation": false,
            "availability_zone": "us-east-1a",
            "availability_zone_id": "use1-az6",
            "cidr_block": "10.0.0.0/16",
            "customer_owned_ipv4_pool": "",
            "id": "subnet-0f31480b96e03184b",
            "ipv6_cidr_block": "",
            "ipv6_cidr_block_association_id": "",
            "map_customer_owned_ip_on_launch": false,
            "map_public_ip_on_launch": true,
            "outpost_arn": "",
            "owner_id": "386921161930",
            "tags": {
              "Name": "vetrisplayground-public-subnet"
            },
            "tags_all": {
              "Name": "vetrisplayground-public-subnet"
            },
            "timeouts": null,
            "vpc_id": "vpc-0a4066bcb8e45aab2"
          },
          "sensitive_attributes": [],
          "private": "eyJlMmJmYjczMC1lY2FhLTExZTYtOGY4OC0zNDM2M2JjN2M0YzAiOnsiY3JlYXRlIjo2MDAwMDAwMDAwMDAsImRlbGV0ZSI6MTIwMDAwMDAwMDAwMH0sInNjaGVtYV92ZXJzaW9uIjoiMSJ9",
          "dependencies": [
            "module.common-vpc.aws_vpc.this"
          ]
        }
      ]
    },
    {
      "module": "module.common-vpc",
      "mode": "managed",
      "type": "aws_vpc",
      "name": "this",
      "provider": "provider[\"registry.terraform.io/hashicorp/aws\"]",
      "instances": [
        {
          "schema_version": 1,
          "attributes": {
            "arn": "arn:aws:ec2:us-east-1:386921161930:vpc/vpc-0a4066bcb8e45aab2",
            "assign_generated_ipv6_cidr_block": false,
            "cidr_block": "10.0.0.0/16",
            "default_network_acl_id": "acl-0924610394d791d6e",
            "default_route_table_id": "rtb-0b2c25edb5ace5041",
            "default_security_group_id": "sg-09479e4338f1f3a20",
            "dhcp_options_id": "dopt-fd4f7987",
            "enable_classiclink": false,
            "enable_classiclink_dns_support": false,
            "enable_dns_hostnames": true,
            "enable_dns_support": true,
            "id": "vpc-0a4066bcb8e45aab2",
            "instance_tenancy": "default",
            "ipv6_association_id": "",
            "ipv6_cidr_block": "",
            "main_route_table_id": "rtb-0b2c25edb5ace5041",
            "owner_id": "386921161930",
            "tags": {
              "Name": "VetrisPlayground VPC"
            },
            "tags_all": {
              "Name": "VetrisPlayground VPC"
            }
          },
          "sensitive_attributes": [],
          "private": "eyJzY2hlbWFfdmVyc2lvbiI6IjEifQ=="
        }
      ]
    }
  ]
}
