{
  "version": 4,
  "terraform_version": "1.0.4",
  "serial": 44,
  "lineage": "621bfe55-d177-f7cc-ee88-91127c3d665a",
  "outputs": {},
  "resources": [
    {
      "mode": "managed",
      "type": "aws_autoscaling_group",
      "name": "this-autoscaling",
      "provider": "provider[\"registry.terraform.io/hashicorp/aws\"]",
      "instances": [
        {
          "schema_version": 0,
          "attributes": {
            "arn": "arn:aws:autoscaling:us-east-1:386921161930:autoScalingGroup:bdce73ba-d832-4cb9-8c0d-20479a2ce784:autoScalingGroupName/this-autoscaling",
            "availability_zones": [
              "us-east-1a"
            ],
            "capacity_rebalance": false,
            "default_cooldown": 300,
            "desired_capacity": 1,
            "enabled_metrics": [],
            "force_delete": true,
            "force_delete_warm_pool": false,
            "health_check_grace_period": 300,
            "health_check_type": "EC2",
            "id": "this-autoscaling",
            "initial_lifecycle_hook": [],
            "instance_refresh": [],
            "launch_configuration": "webserver-launch-config",
            "launch_template": [],
            "load_balancers": [],
            "max_instance_lifetime": 0,
            "max_size": 3,
            "metrics_granularity": "1Minute",
            "min_elb_capacity": null,
            "min_size": 1,
            "mixed_instances_policy": [],
            "name": "this-autoscaling",
            "name_prefix": "",
            "placement_group": "",
            "protect_from_scale_in": false,
            "service_linked_role_arn": "arn:aws:iam::386921161930:role/aws-service-role/autoscaling.amazonaws.com/AWSServiceRoleForAutoScaling",
            "suspended_processes": [],
            "tag": [
              {
                "key": "Name",
                "propagate_at_launch": true,
                "value": "ec2 instance"
              }
            ],
            "tags": null,
            "target_group_arns": [],
            "termination_policies": [],
            "timeouts": null,
            "vpc_zone_identifier": [
              "subnet-0328dfecc7179ae88"
            ],
            "wait_for_capacity_timeout": "10m",
            "wait_for_elb_capacity": null,
            "warm_pool": []
          },
          "sensitive_attributes": [],
          "private": "eyJlMmJmYjczMC1lY2FhLTExZTYtOGY4OC0zNDM2M2JjN2M0YzAiOnsiZGVsZXRlIjo2MDAwMDAwMDAwMDB9fQ==",
          "dependencies": [
            "aws_launch_configuration.this",
            "module.common-enable-ssh-security-group.aws_security_group.allow-ssh",
            "module.common-vpc.aws_vpc.this",
            "module.main-public-1.aws_subnet.this",
            "aws_key_pair.mykey"
          ]
        }
      ]
    },
    {
      "mode": "managed",
      "type": "aws_autoscaling_policy",
      "name": "this",
      "provider": "provider[\"registry.terraform.io/hashicorp/aws\"]",
      "instances": [
        {
          "schema_version": 0,
          "attributes": {
            "adjustment_type": "ChangeInCapacity",
            "arn": "arn:aws:autoscaling:us-east-1:386921161930:scalingPolicy:3487b224-a318-45be-ba26-69978ad71a79:autoScalingGroupName/this-autoscaling:policyName/vpground-autoscaling-policy",
            "autoscaling_group_name": "this-autoscaling",
            "cooldown": 300,
            "estimated_instance_warmup": 0,
            "id": "vpground-autoscaling-policy",
            "metric_aggregation_type": "",
            "min_adjustment_magnitude": null,
            "name": "vpground-autoscaling-policy",
            "policy_type": "SimpleScaling",
            "predictive_scaling_configuration": [],
            "scaling_adjustment": 1,
            "step_adjustment": [],
            "target_tracking_configuration": []
          },
          "sensitive_attributes": [],
          "private": "bnVsbA==",
          "dependencies": [
            "aws_key_pair.mykey",
            "aws_launch_configuration.this",
            "module.common-enable-ssh-security-group.aws_security_group.allow-ssh",
            "module.common-vpc.aws_vpc.this",
            "module.main-public-1.aws_subnet.this",
            "aws_autoscaling_group.this-autoscaling"
          ]
        }
      ]
    },
    {
      "mode": "managed",
      "type": "aws_key_pair",
      "name": "mykey",
      "provider": "provider[\"registry.terraform.io/hashicorp/aws\"]",
      "instances": [
        {
          "schema_version": 1,
          "attributes": {
            "arn": "arn:aws:ec2:us-east-1:386921161930:key-pair/mykey",
            "fingerprint": "67:93:d3:93:9f:f8:ca:47:22:d0:f5:a8:bf:9d:07:c4",
            "id": "mykey",
            "key_name": "mykey",
            "key_name_prefix": null,
            "key_pair_id": "key-0abbd2a0505d3c8b2",
            "public_key": "ssh-rsa AAAAB3NzaC1yc2EAAAADAQABAAABAQDaMgJHWtjI39in7gH+bRyRtqskv7Hwfki+3LeEZL71YMCSCGG6vo+Swb4c7U/kpyagYqTv9WC1X4CaVez45kCJXZgignZvdQI7ekWjqxe+P8axe0SvpMoVog0tEv0q3fMG/v9yCrv2Udf6PWoAnwd1w1QnkLQqZvRIFuFrhJIEHIBfVylhwTbDZ2GUaxyg99WSb14HLgROjVFxFFQPnwFxnaBuO7+Liqom/VbbA1rJIRpegcGXMwSmW2Bc67XLzYfTH235pFvo1CAJgXi0VpYd1XsvavxK3Mo8wvR0nLumHLuAWAwdEwrUibZqRgS/1FEgiCO5Ugb3iEWk2CREbzt5 vkrishnaraj@Vetrivels-MacBook-Pro-2.local",
            "tags": {},
            "tags_all": {}
          },
          "sensitive_attributes": [],
          "private": "eyJzY2hlbWFfdmVyc2lvbiI6IjEifQ=="
        }
      ]
    },
    {
      "mode": "managed",
      "type": "aws_launch_configuration",
      "name": "this",
      "provider": "provider[\"registry.terraform.io/hashicorp/aws\"]",
      "instances": [
        {
          "schema_version": 0,
          "attributes": {
            "arn": "arn:aws:autoscaling:us-east-1:386921161930:launchConfiguration:917099c7-adae-4398-a72b-2b0b41b9c1d4:launchConfigurationName/webserver-launch-config",
            "associate_public_ip_address": false,
            "ebs_block_device": [],
            "ebs_optimized": false,
            "enable_monitoring": true,
            "ephemeral_block_device": [],
            "iam_instance_profile": "",
            "id": "webserver-launch-config",
            "image_id": "ami-0133407e358cc1af0",
            "instance_type": "t2.micro",
            "key_name": "mykey",
            "metadata_options": [],
            "name": "webserver-launch-config",
            "name_prefix": "",
            "placement_tenancy": null,
            "root_block_device": [],
            "security_groups": [
              "sg-0a93e630610115cde"
            ],
            "spot_price": "",
            "user_data": null,
            "user_data_base64": null,
            "vpc_classic_link_id": "",
            "vpc_classic_link_security_groups": []
          },
          "sensitive_attributes": [],
          "private": "bnVsbA==",
          "dependencies": [
            "aws_key_pair.mykey",
            "module.common-enable-ssh-security-group.aws_security_group.allow-ssh",
            "module.common-vpc.aws_vpc.this"
          ]
        }
      ]
    },
    {
      "module": "module.common-enable-ssh-security-group",
      "mode": "managed",
      "type": "aws_security_group",
      "name": "allow-ssh",
      "provider": "provider[\"registry.terraform.io/hashicorp/aws\"]",
      "instances": [
        {
          "schema_version": 1,
          "attributes": {
            "arn": "arn:aws:ec2:us-east-1:386921161930:security-group/sg-0a93e630610115cde",
            "description": "Managed by Terraform",
            "egress": [
              {
                "cidr_blocks": [
                  "0.0.0.0/0"
                ],
                "description": "",
                "from_port": 0,
                "ipv6_cidr_blocks": [],
                "prefix_list_ids": [],
                "protocol": "-1",
                "security_groups": [],
                "self": false,
                "to_port": 0
              }
            ],
            "id": "sg-0a93e630610115cde",
            "ingress": [
              {
                "cidr_blocks": [
                  "0.0.0.0/0"
                ],
                "description": "",
                "from_port": 22,
                "ipv6_cidr_blocks": [],
                "prefix_list_ids": [],
                "protocol": "tcp",
                "security_groups": [],
                "self": false,
                "to_port": 22
              }
            ],
            "name": "allow-ssh",
            "name_prefix": "",
            "owner_id": "386921161930",
            "revoke_rules_on_delete": false,
            "tags": {
              "Name": "allow-ssh"
            },
            "tags_all": {
              "Name": "allow-ssh"
            },
            "timeouts": null,
            "vpc_id": "vpc-021f3ce80fd661d68"
          },
          "sensitive_attributes": [],
          "private": "eyJlMmJmYjczMC1lY2FhLTExZTYtOGY4OC0zNDM2M2JjN2M0YzAiOnsiY3JlYXRlIjo2MDAwMDAwMDAwMDAsImRlbGV0ZSI6OTAwMDAwMDAwMDAwfSwic2NoZW1hX3ZlcnNpb24iOiIxIn0=",
          "dependencies": [
            "module.common-vpc.aws_vpc.this"
          ]
        }
      ]
    },
    {
      "module": "module.common-vpc",
      "mode": "managed",
      "type": "aws_vpc",
      "name": "this",
      "provider": "provider[\"registry.terraform.io/hashicorp/aws\"]",
      "instances": [
        {
          "schema_version": 1,
          "attributes": {
            "arn": "arn:aws:ec2:us-east-1:386921161930:vpc/vpc-021f3ce80fd661d68",
            "assign_generated_ipv6_cidr_block": false,
            "cidr_block": "10.0.0.0/16",
            "default_network_acl_id": "acl-0e412c3147d566fe2",
            "default_route_table_id": "rtb-08bda513208f36e3a",
            "default_security_group_id": "sg-07b3b27f96c0e67cd",
            "dhcp_options_id": "dopt-fd4f7987",
            "enable_classiclink": false,
            "enable_classiclink_dns_support": false,
            "enable_dns_hostnames": true,
            "enable_dns_support": true,
            "id": "vpc-021f3ce80fd661d68",
            "instance_tenancy": "default",
            "ipv6_association_id": "",
            "ipv6_cidr_block": "",
            "main_route_table_id": "rtb-08bda513208f36e3a",
            "owner_id": "386921161930",
            "tags": {
              "Name": "VetrisPlayground VPC"
            },
            "tags_all": {
              "Name": "VetrisPlayground VPC"
            }
          },
          "sensitive_attributes": [],
          "private": "eyJzY2hlbWFfdmVyc2lvbiI6IjEifQ=="
        }
      ]
    },
    {
      "module": "module.main-public-1",
      "mode": "managed",
      "type": "aws_subnet",
      "name": "this",
      "provider": "provider[\"registry.terraform.io/hashicorp/aws\"]",
      "instances": [
        {
          "schema_version": 1,
          "attributes": {
            "arn": "arn:aws:ec2:us-east-1:386921161930:subnet/subnet-0328dfecc7179ae88",
            "assign_ipv6_address_on_creation": false,
            "availability_zone": "us-east-1a",
            "availability_zone_id": "use1-az6",
            "cidr_block": "10.0.1.0/24",
            "customer_owned_ipv4_pool": "",
            "id": "subnet-0328dfecc7179ae88",
            "ipv6_cidr_block": "",
            "ipv6_cidr_block_association_id": "",
            "map_customer_owned_ip_on_launch": false,
            "map_public_ip_on_launch": true,
            "outpost_arn": "",
            "owner_id": "386921161930",
            "tags": {
              "Name": "vetrisplayground-public-subnet - 1"
            },
            "tags_all": {
              "Name": "vetrisplayground-public-subnet - 1"
            },
            "timeouts": null,
            "vpc_id": "vpc-021f3ce80fd661d68"
          },
          "sensitive_attributes": [],
          "private": "eyJlMmJmYjczMC1lY2FhLTExZTYtOGY4OC0zNDM2M2JjN2M0YzAiOnsiY3JlYXRlIjo2MDAwMDAwMDAwMDAsImRlbGV0ZSI6MTIwMDAwMDAwMDAwMH0sInNjaGVtYV92ZXJzaW9uIjoiMSJ9",
          "dependencies": [
            "module.common-vpc.aws_vpc.this"
          ]
        }
      ]
    },
    {
      "module": "module.main-public-2",
      "mode": "managed",
      "type": "aws_subnet",
      "name": "this",
      "provider": "provider[\"registry.terraform.io/hashicorp/aws\"]",
      "instances": [
        {
          "schema_version": 1,
          "attributes": {
            "arn": "arn:aws:ec2:us-east-1:386921161930:subnet/subnet-01e41b5867e9a772a",
            "assign_ipv6_address_on_creation": false,
            "availability_zone": "us-east-1b",
            "availability_zone_id": "use1-az1",
            "cidr_block": "10.0.2.0/24",
            "customer_owned_ipv4_pool": "",
            "id": "subnet-01e41b5867e9a772a",
            "ipv6_cidr_block": "",
            "ipv6_cidr_block_association_id": "",
            "map_customer_owned_ip_on_launch": false,
            "map_public_ip_on_launch": true,
            "outpost_arn": "",
            "owner_id": "386921161930",
            "tags": {
              "Name": "vetrisplayground-public-subnet - 2"
            },
            "tags_all": {
              "Name": "vetrisplayground-public-subnet - 2"
            },
            "timeouts": null,
            "vpc_id": "vpc-021f3ce80fd661d68"
          },
          "sensitive_attributes": [],
          "private": "eyJlMmJmYjczMC1lY2FhLTExZTYtOGY4OC0zNDM2M2JjN2M0YzAiOnsiY3JlYXRlIjo2MDAwMDAwMDAwMDAsImRlbGV0ZSI6MTIwMDAwMDAwMDAwMH0sInNjaGVtYV92ZXJzaW9uIjoiMSJ9",
          "dependencies": [
            "module.common-vpc.aws_vpc.this"
          ]
        }
      ]
    }
  ]
}
