{
  "version": 4,
  "terraform_version": "1.0.4",
  "serial": 34,
  "lineage": "fbcbf932-9f2c-94ef-bf21-9176e366ef22",
  "outputs": {},
  "resources": [
    {
      "mode": "data",
      "type": "aws_availability_zones",
      "name": "azs",
      "provider": "provider[\"registry.terraform.io/hashicorp/aws\"].region-master",
      "instances": [
        {
          "schema_version": 0,
          "attributes": {
            "all_availability_zones": null,
            "exclude_names": null,
            "exclude_zone_ids": null,
            "filter": null,
            "group_names": [
              "us-east-1"
            ],
            "id": "us-east-1",
            "names": [
              "us-east-1a",
              "us-east-1b",
              "us-east-1c",
              "us-east-1d",
              "us-east-1e",
              "us-east-1f"
            ],
            "state": "available",
            "zone_ids": [
              "use1-az6",
              "use1-az1",
              "use1-az2",
              "use1-az4",
              "use1-az3",
              "use1-az5"
            ]
          },
          "sensitive_attributes": []
        }
      ]
    },
    {
      "mode": "managed",
      "type": "aws_internet_gateway",
      "name": "igw",
      "provider": "provider[\"registry.terraform.io/hashicorp/aws\"].region-master",
      "instances": [
        {
          "schema_version": 0,
          "attributes": {
            "arn": "arn:aws:ec2:us-east-1:386921161930:internet-gateway/igw-0894edf9944ac2a4c",
            "id": "igw-0894edf9944ac2a4c",
            "owner_id": "386921161930",
            "tags": {},
            "tags_all": {},
            "vpc_id": "vpc-02637587f73e06b19"
          },
          "sensitive_attributes": [],
          "private": "bnVsbA==",
          "dependencies": [
            "aws_vpc.vpc-master"
          ]
        }
      ]
    },
    {
      "mode": "managed",
      "type": "aws_internet_gateway",
      "name": "igw-oregon",
      "provider": "provider[\"registry.terraform.io/hashicorp/aws\"].region-worker",
      "instances": [
        {
          "schema_version": 0,
          "attributes": {
            "arn": "arn:aws:ec2:us-west-2:386921161930:internet-gateway/igw-0b41389c313a7dd8d",
            "id": "igw-0b41389c313a7dd8d",
            "owner_id": "386921161930",
            "tags": {},
            "tags_all": {},
            "vpc_id": "vpc-015786fda4b22e196"
          },
          "sensitive_attributes": [],
          "private": "bnVsbA==",
          "dependencies": [
            "aws_vpc.vpc-master-oregon"
          ]
        }
      ]
    },
    {
      "mode": "managed",
      "type": "aws_main_route_table_association",
      "name": "internet-main-route-table-assc",
      "provider": "provider[\"registry.terraform.io/hashicorp/aws\"].region-master",
      "instances": [
        {
          "schema_version": 0,
          "attributes": {
            "id": "rtbassoc-09a3fb60e64360e83",
            "original_route_table_id": "rtb-0b738287f4cfe1524",
            "route_table_id": "rtb-05a8e618818961656",
            "vpc_id": "vpc-02637587f73e06b19"
          },
          "sensitive_attributes": [],
          "private": "bnVsbA==",
          "dependencies": [
            "aws_vpc.vpc-master-oregon",
            "aws_vpc_peering_connection.vpc-peering-request-useast1-to-uswest2",
            "aws_internet_gateway.igw",
            "aws_route_table.internet-main-route-table",
            "aws_subnet.subnet-1-oregon",
            "aws_vpc.vpc-master"
          ]
        }
      ]
    },
    {
      "mode": "managed",
      "type": "aws_main_route_table_association",
      "name": "internet-main-route-table-assc-oregon",
      "provider": "provider[\"registry.terraform.io/hashicorp/aws\"].region-worker",
      "instances": [
        {
          "schema_version": 0,
          "attributes": {
            "id": "rtbassoc-01e99300db95ee0dd",
            "original_route_table_id": "rtb-02bf1cb2164701cd5",
            "route_table_id": "rtb-064fb71e10f98f0ea",
            "vpc_id": "vpc-015786fda4b22e196"
          },
          "sensitive_attributes": [],
          "private": "bnVsbA==",
          "dependencies": [
            "aws_vpc.vpc-master",
            "aws_vpc.vpc-master-oregon",
            "aws_vpc_peering_connection.vpc-peering-request-useast1-to-uswest2",
            "data.aws_availability_zones.azs",
            "aws_internet_gateway.igw-oregon",
            "aws_route_table.internet-main-route-table-oregon",
            "aws_subnet.subnet-1"
          ]
        }
      ]
    },
    {
      "mode": "managed",
      "type": "aws_route_table",
      "name": "internet-main-route-table",
      "provider": "provider[\"registry.terraform.io/hashicorp/aws\"].region-master",
      "instances": [
        {
          "schema_version": 0,
          "attributes": {
            "arn": "arn:aws:ec2:us-east-1:386921161930:route-table/rtb-05a8e618818961656",
            "id": "rtb-05a8e618818961656",
            "owner_id": "386921161930",
            "propagating_vgws": [],
            "route": [
              {
                "carrier_gateway_id": "",
                "cidr_block": "0.0.0.0/0",
                "destination_prefix_list_id": "",
                "egress_only_gateway_id": "",
                "gateway_id": "igw-0894edf9944ac2a4c",
                "instance_id": "",
                "ipv6_cidr_block": "",
                "local_gateway_id": "",
                "nat_gateway_id": "",
                "network_interface_id": "",
                "transit_gateway_id": "",
                "vpc_endpoint_id": "",
                "vpc_peering_connection_id": ""
              },
              {
                "carrier_gateway_id": "",
                "cidr_block": "192.168.1.0/24",
                "destination_prefix_list_id": "",
                "egress_only_gateway_id": "",
                "gateway_id": "",
                "instance_id": "",
                "ipv6_cidr_block": "",
                "local_gateway_id": "",
                "nat_gateway_id": "",
                "network_interface_id": "",
                "transit_gateway_id": "",
                "vpc_endpoint_id": "",
                "vpc_peering_connection_id": "pcx-0072b592a7ba8614d"
              }
            ],
            "tags": {
              "Name": "master-region-route-table"
            },
            "tags_all": {
              "Name": "master-region-route-table"
            },
            "vpc_id": "vpc-02637587f73e06b19"
          },
          "sensitive_attributes": [],
          "private": "bnVsbA==",
          "dependencies": [
            "aws_vpc_peering_connection.vpc-peering-request-useast1-to-uswest2",
            "aws_internet_gateway.igw",
            "aws_subnet.subnet-1-oregon",
            "aws_vpc.vpc-master",
            "aws_vpc.vpc-master-oregon"
          ]
        }
      ]
    },
    {
      "mode": "managed",
      "type": "aws_route_table",
      "name": "internet-main-route-table-oregon",
      "provider": "provider[\"registry.terraform.io/hashicorp/aws\"].region-worker",
      "instances": [
        {
          "schema_version": 0,
          "attributes": {
            "arn": "arn:aws:ec2:us-west-2:386921161930:route-table/rtb-064fb71e10f98f0ea",
            "id": "rtb-064fb71e10f98f0ea",
            "owner_id": "386921161930",
            "propagating_vgws": [],
            "route": [
              {
                "carrier_gateway_id": "",
                "cidr_block": "0.0.0.0/0",
                "destination_prefix_list_id": "",
                "egress_only_gateway_id": "",
                "gateway_id": "igw-0b41389c313a7dd8d",
                "instance_id": "",
                "ipv6_cidr_block": "",
                "local_gateway_id": "",
                "nat_gateway_id": "",
                "network_interface_id": "",
                "transit_gateway_id": "",
                "vpc_endpoint_id": "",
                "vpc_peering_connection_id": ""
              },
              {
                "carrier_gateway_id": "",
                "cidr_block": "10.0.1.0/24",
                "destination_prefix_list_id": "",
                "egress_only_gateway_id": "",
                "gateway_id": "",
                "instance_id": "",
                "ipv6_cidr_block": "",
                "local_gateway_id": "",
                "nat_gateway_id": "",
                "network_interface_id": "",
                "transit_gateway_id": "",
                "vpc_endpoint_id": "",
                "vpc_peering_connection_id": "pcx-0072b592a7ba8614d"
              }
            ],
            "tags": {
              "Name": "worker-region-route-table"
            },
            "tags_all": {
              "Name": "worker-region-route-table"
            },
            "vpc_id": "vpc-015786fda4b22e196"
          },
          "sensitive_attributes": [],
          "private": "bnVsbA==",
          "dependencies": [
            "aws_vpc.vpc-master-oregon",
            "aws_vpc_peering_connection.vpc-peering-request-useast1-to-uswest2",
            "data.aws_availability_zones.azs",
            "aws_internet_gateway.igw-oregon",
            "aws_subnet.subnet-1",
            "aws_vpc.vpc-master"
          ]
        }
      ]
    },
    {
      "mode": "managed",
      "type": "aws_subnet",
      "name": "subnet-1",
      "provider": "provider[\"registry.terraform.io/hashicorp/aws\"].region-master",
      "instances": [
        {
          "schema_version": 1,
          "attributes": {
            "arn": "arn:aws:ec2:us-east-1:386921161930:subnet/subnet-01aa9d6a199fb8ae7",
            "assign_ipv6_address_on_creation": false,
            "availability_zone": "us-east-1a",
            "availability_zone_id": "use1-az6",
            "cidr_block": "10.0.1.0/24",
            "customer_owned_ipv4_pool": "",
            "id": "subnet-01aa9d6a199fb8ae7",
            "ipv6_cidr_block": "",
            "ipv6_cidr_block_association_id": "",
            "map_customer_owned_ip_on_launch": false,
            "map_public_ip_on_launch": false,
            "outpost_arn": "",
            "owner_id": "386921161930",
            "tags": {},
            "tags_all": {},
            "timeouts": null,
            "vpc_id": "vpc-02637587f73e06b19"
          },
          "sensitive_attributes": [],
          "private": "eyJlMmJmYjczMC1lY2FhLTExZTYtOGY4OC0zNDM2M2JjN2M0YzAiOnsiY3JlYXRlIjo2MDAwMDAwMDAwMDAsImRlbGV0ZSI6MTIwMDAwMDAwMDAwMH0sInNjaGVtYV92ZXJzaW9uIjoiMSJ9",
          "dependencies": [
            "data.aws_availability_zones.azs",
            "aws_vpc.vpc-master"
          ]
        }
      ]
    },
    {
      "mode": "managed",
      "type": "aws_subnet",
      "name": "subnet-1-oregon",
      "provider": "provider[\"registry.terraform.io/hashicorp/aws\"].region-worker",
      "instances": [
        {
          "schema_version": 1,
          "attributes": {
            "arn": "arn:aws:ec2:us-west-2:386921161930:subnet/subnet-0e4d06729fa3ea92e",
            "assign_ipv6_address_on_creation": false,
            "availability_zone": "us-west-2a",
            "availability_zone_id": "usw2-az1",
            "cidr_block": "192.168.1.0/24",
            "customer_owned_ipv4_pool": "",
            "id": "subnet-0e4d06729fa3ea92e",
            "ipv6_cidr_block": "",
            "ipv6_cidr_block_association_id": "",
            "map_customer_owned_ip_on_launch": false,
            "map_public_ip_on_launch": false,
            "outpost_arn": "",
            "owner_id": "386921161930",
            "tags": {},
            "tags_all": {},
            "timeouts": null,
            "vpc_id": "vpc-015786fda4b22e196"
          },
          "sensitive_attributes": [],
          "private": "eyJlMmJmYjczMC1lY2FhLTExZTYtOGY4OC0zNDM2M2JjN2M0YzAiOnsiY3JlYXRlIjo2MDAwMDAwMDAwMDAsImRlbGV0ZSI6MTIwMDAwMDAwMDAwMH0sInNjaGVtYV92ZXJzaW9uIjoiMSJ9",
          "dependencies": [
            "aws_vpc.vpc-master-oregon"
          ]
        }
      ]
    },
    {
      "mode": "managed",
      "type": "aws_subnet",
      "name": "subnet-2",
      "provider": "provider[\"registry.terraform.io/hashicorp/aws\"].region-master",
      "instances": [
        {
          "schema_version": 1,
          "attributes": {
            "arn": "arn:aws:ec2:us-east-1:386921161930:subnet/subnet-0d9d2d464dc0e326d",
            "assign_ipv6_address_on_creation": false,
            "availability_zone": "us-east-1b",
            "availability_zone_id": "use1-az1",
            "cidr_block": "10.0.2.0/24",
            "customer_owned_ipv4_pool": "",
            "id": "subnet-0d9d2d464dc0e326d",
            "ipv6_cidr_block": "",
            "ipv6_cidr_block_association_id": "",
            "map_customer_owned_ip_on_launch": false,
            "map_public_ip_on_launch": false,
            "outpost_arn": "",
            "owner_id": "386921161930",
            "tags": {},
            "tags_all": {},
            "timeouts": null,
            "vpc_id": "vpc-02637587f73e06b19"
          },
          "sensitive_attributes": [],
          "private": "eyJlMmJmYjczMC1lY2FhLTExZTYtOGY4OC0zNDM2M2JjN2M0YzAiOnsiY3JlYXRlIjo2MDAwMDAwMDAwMDAsImRlbGV0ZSI6MTIwMDAwMDAwMDAwMH0sInNjaGVtYV92ZXJzaW9uIjoiMSJ9",
          "dependencies": [
            "aws_vpc.vpc-master",
            "data.aws_availability_zones.azs"
          ]
        }
      ]
    },
    {
      "mode": "managed",
      "type": "aws_vpc",
      "name": "vpc-master",
      "provider": "provider[\"registry.terraform.io/hashicorp/aws\"].region-master",
      "instances": [
        {
          "schema_version": 1,
          "attributes": {
            "arn": "arn:aws:ec2:us-east-1:386921161930:vpc/vpc-02637587f73e06b19",
            "assign_generated_ipv6_cidr_block": false,
            "cidr_block": "10.0.0.0/16",
            "default_network_acl_id": "acl-02d74172dcbcba2f9",
            "default_route_table_id": "rtb-05a8e618818961656",
            "default_security_group_id": "sg-0ac76a2c49f314bec",
            "dhcp_options_id": "dopt-fd4f7987",
            "enable_classiclink": false,
            "enable_classiclink_dns_support": false,
            "enable_dns_hostnames": true,
            "enable_dns_support": true,
            "id": "vpc-02637587f73e06b19",
            "instance_tenancy": "default",
            "ipv6_association_id": "",
            "ipv6_cidr_block": "",
            "main_route_table_id": "rtb-05a8e618818961656",
            "owner_id": "386921161930",
            "tags": {
              "Name": "master-vpc-jenkins"
            },
            "tags_all": {
              "Name": "master-vpc-jenkins"
            }
          },
          "sensitive_attributes": [],
          "private": "eyJzY2hlbWFfdmVyc2lvbiI6IjEifQ=="
        }
      ]
    },
    {
      "mode": "managed",
      "type": "aws_vpc",
      "name": "vpc-master-oregon",
      "provider": "provider[\"registry.terraform.io/hashicorp/aws\"].region-worker",
      "instances": [
        {
          "schema_version": 1,
          "attributes": {
            "arn": "arn:aws:ec2:us-west-2:386921161930:vpc/vpc-015786fda4b22e196",
            "assign_generated_ipv6_cidr_block": false,
            "cidr_block": "192.168.0.0/16",
            "default_network_acl_id": "acl-0c083322c149621bc",
            "default_route_table_id": "rtb-064fb71e10f98f0ea",
            "default_security_group_id": "sg-0472b0225188c7922",
            "dhcp_options_id": "dopt-ac2c00d4",
            "enable_classiclink": false,
            "enable_classiclink_dns_support": false,
            "enable_dns_hostnames": true,
            "enable_dns_support": true,
            "id": "vpc-015786fda4b22e196",
            "instance_tenancy": "default",
            "ipv6_association_id": "",
            "ipv6_cidr_block": "",
            "main_route_table_id": "rtb-064fb71e10f98f0ea",
            "owner_id": "386921161930",
            "tags": {
              "Name": "worker-vpc-jenkins"
            },
            "tags_all": {
              "Name": "worker-vpc-jenkins"
            }
          },
          "sensitive_attributes": [],
          "private": "eyJzY2hlbWFfdmVyc2lvbiI6IjEifQ=="
        }
      ]
    },
    {
      "mode": "managed",
      "type": "aws_vpc_peering_connection",
      "name": "vpc-peering-request-useast1-to-uswest2",
      "provider": "provider[\"registry.terraform.io/hashicorp/aws\"].region-master",
      "instances": [
        {
          "schema_version": 0,
          "attributes": {
            "accept_status": "active",
            "accepter": [
              {
                "allow_classic_link_to_remote_vpc": false,
                "allow_remote_vpc_dns_resolution": false,
                "allow_vpc_to_remote_classic_link": false
              }
            ],
            "auto_accept": null,
            "id": "pcx-0072b592a7ba8614d",
            "peer_owner_id": "386921161930",
            "peer_region": "us-west-2",
            "peer_vpc_id": "vpc-015786fda4b22e196",
            "requester": [
              {
                "allow_classic_link_to_remote_vpc": false,
                "allow_remote_vpc_dns_resolution": false,
                "allow_vpc_to_remote_classic_link": false
              }
            ],
            "tags": {
              "Name": "from-mastervpc-to-worker-vpc"
            },
            "tags_all": {
              "Name": "from-mastervpc-to-worker-vpc"
            },
            "timeouts": null,
            "vpc_id": "vpc-02637587f73e06b19"
          },
          "sensitive_attributes": [],
          "private": "eyJlMmJmYjczMC1lY2FhLTExZTYtOGY4OC0zNDM2M2JjN2M0YzAiOnsiY3JlYXRlIjo2MDAwMDAwMDAwMCwiZGVsZXRlIjo2MDAwMDAwMDAwMCwidXBkYXRlIjo2MDAwMDAwMDAwMH19",
          "dependencies": [
            "aws_vpc.vpc-master",
            "aws_vpc.vpc-master-oregon"
          ]
        }
      ]
    },
    {
      "mode": "managed",
      "type": "aws_vpc_peering_connection_accepter",
      "name": "vpc-peering-accept-usest1",
      "provider": "provider[\"registry.terraform.io/hashicorp/aws\"].region-worker",
      "instances": [
        {
          "schema_version": 0,
          "attributes": {
            "accept_status": "active",
            "accepter": [
              {
                "allow_classic_link_to_remote_vpc": false,
                "allow_remote_vpc_dns_resolution": false,
                "allow_vpc_to_remote_classic_link": false
              }
            ],
            "auto_accept": true,
            "id": "pcx-0072b592a7ba8614d",
            "peer_owner_id": "386921161930",
            "peer_region": "us-west-2",
            "peer_vpc_id": "vpc-015786fda4b22e196",
            "requester": [
              {
                "allow_classic_link_to_remote_vpc": false,
                "allow_remote_vpc_dns_resolution": false,
                "allow_vpc_to_remote_classic_link": false
              }
            ],
            "tags": {},
            "tags_all": {},
            "vpc_id": "vpc-02637587f73e06b19",
            "vpc_peering_connection_id": "pcx-0072b592a7ba8614d"
          },
          "sensitive_attributes": [],
          "private": "bnVsbA==",
          "dependencies": [
            "aws_vpc.vpc-master",
            "aws_vpc.vpc-master-oregon",
            "aws_vpc_peering_connection.vpc-peering-request-useast1-to-uswest2"
          ]
        }
      ]
    }
  ]
}
